// !$*UTF8*$!
{
	archiveVersion = 1;
	classes = {
	};
	objectVersion = 50;
	objects = {

/* Begin PBXBuildFile section */
		55D7FE2B21D26B5000B3AC38 /* Assets.xcassets in Resources */ = {isa = PBXBuildFile; fileRef = 55D7FE2A21D26B5000B3AC38 /* Assets.xcassets */; };
		55D7FE2E21D26B5000B3AC38 /* LaunchScreen.storyboard in Resources */ = {isa = PBXBuildFile; fileRef = 55D7FE2C21D26B5000B3AC38 /* LaunchScreen.storyboard */; };
		55D7FE3621D26DA100B3AC38 /* StretchyHeaderController.swift in Sources */ = {isa = PBXBuildFile; fileRef = 55D7FE3521D26DA100B3AC38 /* StretchyHeaderController.swift */; };
		55D7FE3821D2717700B3AC38 /* AppDelegate.swift in Sources */ = {isa = PBXBuildFile; fileRef = 55D7FE3721D2717700B3AC38 /* AppDelegate.swift */; };
		55D7FE3B21D2771E00B3AC38 /* HeaderView.swift in Sources */ = {isa = PBXBuildFile; fileRef = 55D7FE3A21D2771E00B3AC38 /* HeaderView.swift */; };
		55E786AA21D510850061A9E7 /* StretchyHeaderLayout.swift in Sources */ = {isa = PBXBuildFile; fileRef = 55E786A921D510850061A9E7 /* StretchyHeaderLayout.swift */; };
/* End PBXBuildFile section */

/* Begin PBXFileReference section */
		55D7FE2021D26B4E00B3AC38 /* StretchyHeaderApp.app */ = {isa = PBXFileReference; explicitFileType = wrapper.application; includeInIndex = 0; path = StretchyHeaderApp.app; sourceTree = BUILT_PRODUCTS_DIR; };
		55D7FE2A21D26B5000B3AC38 /* Assets.xcassets */ = {isa = PBXFileReference; lastKnownFileType = folder.assetcatalog; path = Assets.xcassets; sourceTree = "<group>"; };
		55D7FE2D21D26B5000B3AC38 /* Base */ = {isa = PBXFileReference; lastKnownFileType = file.storyboard; name = Base; path = Base.lproj/LaunchScreen.storyboard; sourceTree = "<group>"; };
		55D7FE2F21D26B5000B3AC38 /* Info.plist */ = {isa = PBXFileReference; lastKnownFileType = text.plist.xml; path = Info.plist; sourceTree = "<group>"; };
		55D7FE3521D26DA100B3AC38 /* StretchyHeaderController.swift */ = {isa = PBXFileReference; lastKnownFileType = sourcecode.swift; path = StretchyHeaderController.swift; sourceTree = "<group>"; };
		55D7FE3721D2717700B3AC38 /* AppDelegate.swift */ = {isa = PBXFileReference; fileEncoding = 4; lastKnownFileType = sourcecode.swift; path = AppDelegate.swift; sourceTree = "<group>"; };
		55D7FE3A21D2771E00B3AC38 /* HeaderView.swift */ = {isa = PBXFileReference; lastKnownFileType = sourcecode.swift; path = HeaderView.swift; sourceTree = "<group>"; };
		55E786A921D510850061A9E7 /* StretchyHeaderLayout.swift */ = {isa = PBXFileReference; lastKnownFileType = sourcecode.swift; path = StretchyHeaderLayout.swift; sourceTree = "<group>"; };
/* End PBXFileReference section */

/* Begin PBXFrameworksBuildPhase section */
		55D7FE1D21D26B4E00B3AC38 /* Frameworks */ = {
			isa = PBXFrameworksBuildPhase;
			buildActionMask = 2147483647;
			files = (
			);
			runOnlyForDeploymentPostprocessing = 0;
		};
/* End PBXFrameworksBuildPhase section */

/* Begin PBXGroup section */
		55D7FE1721D26B4E00B3AC38 = {
			isa = PBXGroup;
			children = (
				55D7FE2221D26B4E00B3AC38 /* StretchyHeaderApp */,
				55D7FE2121D26B4E00B3AC38 /* Products */,
			);
			sourceTree = "<group>";
		};
		55D7FE2121D26B4E00B3AC38 /* Products */ = {
			isa = PBXGroup;
			children = (
				55D7FE2021D26B4E00B3AC38 /* StretchyHeaderApp.app */,
			);
			name = Products;
			sourceTree = "<group>";
		};
		55D7FE2221D26B4E00B3AC38 /* StretchyHeaderApp */ = {
			isa = PBXGroup;
			children = (
				55E786A821D510590061A9E7 /* CustomLayouts */,
				55D7FE3721D2717700B3AC38 /* AppDelegate.swift */,
				55D7FE3921D2719300B3AC38 /* Support Files */,
				55D7FE2F21D26B5000B3AC38 /* Info.plist */,
				55D7FE3521D26DA100B3AC38 /* StretchyHeaderController.swift */,
				55D7FE3A21D2771E00B3AC38 /* HeaderView.swift */,
			);
			path = StretchyHeaderApp;
			sourceTree = "<group>";
		};
		55D7FE3921D2719300B3AC38 /* Support Files */ = {
			isa = PBXGroup;
			children = (
				55D7FE2A21D26B5000B3AC38 /* Assets.xcassets */,
				55D7FE2C21D26B5000B3AC38 /* LaunchScreen.storyboard */,
			);
			path = "Support Files";
			sourceTree = "<group>";
		};
		55E786A821D510590061A9E7 /* CustomLayouts */ = {
			isa = PBXGroup;
			children = (
				55E786A921D510850061A9E7 /* StretchyHeaderLayout.swift */,
			);
			path = CustomLayouts;
			sourceTree = "<group>";
		};
/* End PBXGroup section */

/* Begin PBXNativeTarget section */
		55D7FE1F21D26B4E00B3AC38 /* StretchyHeaderApp */ = {
			isa = PBXNativeTarget;
			buildConfigurationList = 55D7FE3221D26B5000B3AC38 /* Build configuration list for PBXNativeTarget "StretchyHeaderApp" */;
			buildPhases = (
				55D7FE1C21D26B4E00B3AC38 /* Sources */,
				55D7FE1D21D26B4E00B3AC38 /* Frameworks */,
				55D7FE1E21D26B4E00B3AC38 /* Resources */,
			);
			buildRules = (
			);
			dependencies = (
			);
			name = StretchyHeaderApp;
			productName = StretchyHeaderApp;
			productReference = 55D7FE2021D26B4E00B3AC38 /* StretchyHeaderApp.app */;
			productType = "com.apple.product-type.application";
		};
/* End PBXNativeTarget section */

/* Begin PBXProject section */
		55D7FE1821D26B4E00B3AC38 /* Project object */ = {
			isa = PBXProject;
			attributes = {
				LastSwiftUpdateCheck = 1010;
				LastUpgradeCheck = 1010;
				ORGANIZATIONNAME = "Breno Rezende";
				TargetAttributes = {
					55D7FE1F21D26B4E00B3AC38 = {
						CreatedOnToolsVersion = 10.1;
					};
				};
			};
			buildConfigurationList = 55D7FE1B21D26B4E00B3AC38 /* Build configuration list for PBXProject "StretchyHeaderApp" */;
			compatibilityVersion = "Xcode 9.3";
			developmentRegion = en;
			hasScannedForEncodings = 0;
			knownRegions = (
				en,
				Base,
			);
			mainGroup = 55D7FE1721D26B4E00B3AC38;
			productRefGroup = 55D7FE2121D26B4E00B3AC38 /* Products */;
			projectDirPath = "";
			projectRoot = "";
			targets = (
				55D7FE1F21D26B4E00B3AC38 /* StretchyHeaderApp */,
			);
		};
/* End PBXProject section */

/* Begin PBXResourcesBuildPhase section */
		55D7FE1E21D26B4E00B3AC38 /* Resources */ = {
			isa = PBXResourcesBuildPhase;
			buildActionMask = 2147483647;
			files = (
				55D7FE2E21D26B5000B3AC38 /* LaunchScreen.storyboard in Resources */,
				55D7FE2B21D26B5000B3AC38 /* Assets.xcassets in Resources */,
			);
			runOnlyForDeploymentPostprocessing = 0;
		};
/* End PBXResourcesBuildPhase section */

/* Begin PBXSourcesBuildPhase section */
		55D7FE1C21D26B4E00B3AC38 /* Sources */ = {
			isa = PBXSourcesBuildPhase;
			buildActionMask = 2147483647;
			files = (
				55D7FE3821D2717700B3AC38 /* AppDelegate.swift in Sources */,
				55D7FE3B21D2771E00B3AC38 /* HeaderView.swift in Sources */,
				55E786AA21D510850061A9E7 /* StretchyHeaderLayout.swift in Sources */,
				55D7FE3621D26DA100B3AC38 /* StretchyHeaderController.swift in Sources */,
			);
			runOnlyForDeploymentPostprocessing = 0;
		};
/* End PBXSourcesBuildPhase section */

/* Begin PBXVariantGroup section */
		55D7FE2C21D26B5000B3AC38 /* LaunchScreen.storyboard */ = {
			isa = PBXVariantGroup;
			children = (
				55D7FE2D21D26B5000B3AC38 /* Base */,
			);
			name = LaunchScreen.storyboard;
			sourceTree = "<group>";
		};
/* End PBXVariantGroup section */

/* Begin XCBuildConfiguration section */
		55D7FE3021D26B5000B3AC38 /* Debug */ = {
			isa = XCBuildConfiguration;
			buildSettings = {
				ALWAYS_SEARCH_USER_PATHS = NO;
				CLANG_ANALYZER_NONNULL = YES;
				CLANG_ANALYZER_NUMBER_OBJECT_CONVERSION = YES_AGGRESSIVE;
				CLANG_CXX_LANGUAGE_STANDARD = "gnu++14";
				CLANG_CXX_LIBRARY = "libc++";
				CLANG_ENABLE_MODULES = YES;
				CLANG_ENABLE_OBJC_ARC = YES;
				CLANG_ENABLE_OBJC_WEAK = YES;
				CLANG_WARN_BLOCK_CAPTURE_AUTORELEASING = YES;
				CLANG_WARN_BOOL_CONVERSION = YES;
				CLANG_WARN_COMMA = YES;
				CLANG_WARN_CONSTANT_CONVERSION = YES;
				CLANG_WARN_DEPRECATED_OBJC_IMPLEMENTATIONS = YES;
				CLANG_WARN_DIRECT_OBJC_ISA_USAGE = YES_ERROR;
				CLANG_WARN_DOCUMENTATION_COMMENTS = YES;
				CLANG_WARN_EMPTY_BODY = YES;
				CLANG_WARN_ENUM_CONVERSION = YES;
				CLANG_WARN_INFINITE_RECURSION = YES;
				CLANG_WARN_INT_CONVERSION = YES;
				CLANG_WARN_NON_LITERAL_NULL_CONVERSION = YES;
				CLANG_WARN_OBJC_IMPLICIT_RETAIN_SELF = YES;
				CLANG_WARN_OBJC_LITERAL_CONVERSION = YES;
				CLANG_WARN_OBJC_ROOT_CLASS = YES_ERROR;
				CLANG_WARN_RANGE_LOOP_ANALYSIS = YES;
				CLANG_WARN_STRICT_PROTOTYPES = YES;
				CLANG_WARN_SUSPICIOUS_MOVE = YES;
				CLANG_WARN_UNGUARDED_AVAILABILITY = YES_AGGRESSIVE;
				CLANG_WARN_UNREACHABLE_CODE = YES;
				CLANG_WARN__DUPLICATE_METHOD_MATCH = YES;
				CODE_SIGN_IDENTITY = "iPhone Developer";
				COPY_PHASE_STRIP = NO;
				DEBUG_INFORMATION_FORMAT = dwarf;
				ENABLE_STRICT_OBJC_MSGSEND = YES;
				ENABLE_TESTABILITY = YES;
				GCC_C_LANGUAGE_STANDARD = gnu11;
				GCC_DYNAMIC_NO_PIC = NO;
				GCC_NO_COMMON_BLOCKS = YES;
				GCC_OPTIMIZATION_LEVEL = 0;
				GCC_PREPROCESSOR_DEFINITIONS = (
					"DEBUG=1",
					"$(inherited)",
				);
				GCC_WARN_64_TO_32_BIT_CONVERSION = YES;
				GCC_WARN_ABOUT_RETURN_TYPE = YES_ERROR;
				GCC_WARN_UNDECLARED_SELECTOR = YES;
				GCC_WARN_UNINITIALIZED_AUTOS = YES_AGGRESSIVE;
				GCC_WARN_UNUSED_FUNCTION = YES;
				GCC_WARN_UNUSED_VARIABLE = YES;
				IPHONEOS_DEPLOYMENT_TARGET = 12.1;
				MTL_ENABLE_DEBUG_INFO = INCLUDE_SOURCE;
				MTL_FAST_MATH = YES;
				ONLY_ACTIVE_ARCH = YES;
				SDKROOT = iphoneos;
				SWIFT_ACTIVE_COMPILATION_CONDITIONS = DEBUG;
				SWIFT_OPTIMIZATION_LEVEL = "-Onone";
			};
			name = Debug;
		};
		55D7FE3121D26B5000B3AC38 /* Release */ = {
			isa = XCBuildConfiguration;
			buildSettings = {
				ALWAYS_SEARCH_USER_PATHS = NO;
				CLANG_ANALYZER_NONNULL = YES;
				CLANG_ANALYZER_NUMBER_OBJECT_CONVERSION = YES_AGGRESSIVE;
				CLANG_CXX_LANGUAGE_STANDARD = "gnu++14";
				CLANG_CXX_LIBRARY = "libc++";
				CLANG_ENABLE_MODULES = YES;
				CLANG_ENABLE_OBJC_ARC = YES;
				CLANG_ENABLE_OBJC_WEAK = YES;
				CLANG_WARN_BLOCK_CAPTURE_AUTORELEASING = YES;
				CLANG_WARN_BOOL_CONVERSION = YES;
				CLANG_WARN_COMMA = YES;
				CLANG_WARN_CONSTANT_CONVERSION = YES;
				CLANG_WARN_DEPRECATED_OBJC_IMPLEMENTATIONS = YES;
				CLANG_WARN_DIRECT_OBJC_ISA_USAGE = YES_ERROR;
				CLANG_WARN_DOCUMENTATION_COMMENTS = YES;
				CLANG_WARN_EMPTY_BODY = YES;
				CLANG_WARN_ENUM_CONVERSION = YES;
				CLANG_WARN_INFINITE_RECURSION = YES;
				CLANG_WARN_INT_CONVERSION = YES;
				CLANG_WARN_NON_LITERAL_NULL_CONVERSION = YES;
				CLANG_WARN_OBJC_IMPLICIT_RETAIN_SELF = YES;
				CLANG_WARN_OBJC_LITERAL_CONVERSION = YES;
				CLANG_WARN_OBJC_ROOT_CLASS = YES_ERROR;
				CLANG_WARN_RANGE_LOOP_ANALYSIS = YES;
				CLANG_WARN_STRICT_PROTOTYPES = YES;
				CLANG_WARN_SUSPICIOUS_MOVE = YES;
				CLANG_WARN_UNGUARDED_AVAILABILITY = YES_AGGRESSIVE;
				CLANG_WARN_UNREACHABLE_CODE = YES;
				CLANG_WARN__DUPLICATE_METHOD_MATCH = YES;
				CODE_SIGN_IDENTITY = "iPhone Developer";
				COPY_PHASE_STRIP = NO;
				DEBUG_INFORMATION_FORMAT = "dwarf-with-dsym";
				ENABLE_NS_ASSERTIONS = NO;
				ENABLE_STRICT_OBJC_MSGSEND = YES;
				GCC_C_LANGUAGE_STANDARD = gnu11;
				GCC_NO_COMMON_BLOCKS = YES;
				GCC_WARN_64_TO_32_BIT_CONVERSION = YES;
				GCC_WARN_ABOUT_RETURN_TYPE = YES_ERROR;
				GCC_WARN_UNDECLARED_SELECTOR = YES;
				GCC_WARN_UNINITIALIZED_AUTOS = YES_AGGRESSIVE;
				GCC_WARN_UNUSED_FUNCTION = YES;
				GCC_WARN_UNUSED_VARIABLE = YES;
				IPHONEOS_DEPLOYMENT_TARGET = 12.1;
				MTL_ENABLE_DEBUG_INFO = NO;
				MTL_FAST_MATH = YES;
				SDKROOT = iphoneos;
				SWIFT_COMPILATION_MODE = wholemodule;
				SWIFT_OPTIMIZATION_LEVEL = "-O";
				VALIDATE_PRODUCT = YES;
			};
			name = Release;
		};
		55D7FE3321D26B5000B3AC38 /* Debug */ = {
			isa = XCBuildConfiguration;
			buildSettings = {
				ASSETCATALOG_COMPILER_APPICON_NAME = AppIcon;
				CODE_SIGN_STYLE = Automatic;
				DEVELOPMENT_TEAM = 9EJ4448SJB;
				INFOPLIST_FILE = StretchyHeaderApp/Info.plist;
				LD_RUNPATH_SEARCH_PATHS = (
					"$(inherited)",
					"@executable_path/Frameworks",
				);
				PRODUCT_BUNDLE_IDENTIFIER = com.brezende.StretchyHeaderApp;
				PRODUCT_NAME = "$(TARGET_NAME)";
				SWIFT_VERSION = 4.2;
				TARGETED_DEVICE_FAMILY = "1,2";
			};
			name = Debug;
		};
		55D7FE3421D26B5000B3AC38 /* Release */ = {
			isa = XCBuildConfiguration;
			buildSettings = {
				ASSETCATALOG_COMPILER_APPICON_NAME = AppIcon;
				CODE_SIGN_STYLE = Automatic;
				DEVELOPMENT_TEAM = 9EJ4448SJB;
				INFOPLIST_FILE = StretchyHeaderApp/Info.plist;
				LD_RUNPATH_SEARCH_PATHS = (
					"$(inherited)",
					"@executable_path/Frameworks",
				);
				PRODUCT_BUNDLE_IDENTIFIER = com.brezende.StretchyHeaderApp;
				PRODUCT_NAME = "$(TARGET_NAME)";
				SWIFT_VERSION = 4.2;
				TARGETED_DEVICE_FAMILY = "1,2";
			};
			name = Release;
		};
/* End XCBuildConfiguration section */

/* Begin XCConfigurationList section */
		55D7FE1B21D26B4E00B3AC38 /* Build configuration list for PBXProject "StretchyHeaderApp" */ = {
			isa = XCConfigurationList;
			buildConfigurations = (
				55D7FE3021D26B5000B3AC38 /* Debug */,
				55D7FE3121D26B5000B3AC38 /* Release */,
			);
			defaultConfigurationIsVisible = 0;
			defaultConfigurationName = Release;
		};
		55D7FE3221D26B5000B3AC38 /* Build configuration list for PBXNativeTarget "StretchyHeaderApp" */ = {
			isa = XCConfigurationList;
			buildConfigurations = (
				55D7FE3321D26B5000B3AC38 /* Debug */,
				55D7FE3421D26B5000B3AC38 /* Release */,
			);
			defaultConfigurationIsVisible = 0;
			defaultConfigurationName = Release;
		};
/* End XCConfigurationList section */
	};
	rootObject = 55D7FE1821D26B4E00B3AC38 /* Project object */;
}
